github.com/celestiaorg/reedsolomon v1.12.6-0.20250824224240-8b66bda83fd0 h1:nM6tHBLW1Uej4VKe6Zm3+kYnOrvcQ1Q4I1qFBIbC+EU=
github.com/celestiaorg/reedsolomon v1.12.6-0.20250824224240-8b66bda83fd0/go.mod h1:39naxIQYdj/oxjNZVvWvhRreh3uguAq4v6Ke7mI9cDI=
github.com/cometbft/cometbft v1.0.1 h1:JNVgbpL76sA4kXmBnyZ7iPjFAxi6HVp2l+rdT2RXVUs=
github.com/cometbft/cometbft v1.0.1/go.mod h1:r9fEwrbU6Oxs11I2bLsfAiG37OMn0Vip0w9arYU0Nw0=
github.com/cometbft/cometbft/api v1.0.0 h1:gGBwvsJi/gnHJEtwYfjPIGs2AKg/Vfa1ZuKCPD1/Ko4=
github.com/cometbft/cometbft/api v1.0.0/go.mod h1:EkQiqVSu/p2ebrZEnB2z6Re7r8XNe//M7ylR0qEwWm0=
github.com/cosmos/gogoproto v1.7.0 h1:79USr0oyXAbxg3rspGh/m4SWNyoz/GLaAh0QlCe2fro=
github.com/cosmos/gogoproto v1.7.0/go.mod h1:yWChEv5IUEYURQasfyBW5ffkMHR/90hiHgbNgrtp4j0=
github.com/google/go-cmp v0.6.0 h1:ofyhxvXcZhMsU5ulbFiLKl/XBFqE1GSq7atu8tAmTRI=
github.com/google/go-cmp v0.6.0/go.mod h1:17dUlkBOakJ0+DkrSSNjCkIjxS6bF9zb3elmeNGIjoY=
github.com/klauspost/cpuid/v2 v2.2.10 h1:tBs3QSyvjDyFTq3uoc/9xFpCuOsJQFNPiAhYdw2skhE=
github.com/klauspost/cpuid/v2 v2.2.10/go.mod h1:hqwkgyIinND0mEev00jJYCxPNVRVXFQeu1XKlok6oO0=
github.com/klauspost/reedsolomon v1.12.5 h1:4cJuyH926If33BeDgiZpI5OU0pE+wUHZvMSyNGqN73Y=
github.com/klauspost/reedsolomon v1.12.5/go.mod h1:LkXRjLYGM8K/iQfujYnaPeDmhZLqkrGUyG9p7zs5L68=
golang.org/x/sys v0.30.0 h1:QjkSwP/36a20jFYWkSue1YwXzLmsV5Gfq7Eiy72C1uc=
golang.org/x/sys v0.30.0/go.mod h1:/VUhepiaJMQUp4+oa/7Zr1D23ma6VTLIYjOOTFZPUcA=
google.golang.org/protobuf v1.36.4 h1:6A3ZDJHn/eNqc1i+IdefRzy/9PokBTPvcqMySR7NNIM=
google.golang.org/protobuf v1.36.4/go.mod h1:9fA7Ob0pmnwhb644+1+CVWFRbNajQ6iRojtC/QF5bRE=
